
Microsoft Visual Studio Solution File, Format Version 12.00
# Visual Studio Version 17
VisualStudioVersion = 17.5.33516.290
MinimumVisualStudioVersion = 10.0.40219.1
Project("{2150E333-8FDC-42A3-9474-1A3956D46DE8}") = "Solution Items", "Solution Items", "{354ACD54-E88C-4F55-B03A-79AA52927B92}"
	ProjectSection(SolutionItems) = preProject
		LICENSE = LICENSE
		README.md = README.md
	EndProjectSection
EndProject
Project("{9A19103F-16F7-4668-BE54-9A1E7A4F7556}") = "TourDe.Models", "TourDe.Models\TourDe.Models.csproj", "{67871F76-A0A2-4743-A194-6E5E6069D3AA}"
EndProject
Project("{2150E333-8FDC-42A3-9474-1A3956D46DE8}") = "Test", "Test", "{933B70E6-8925-4417-ADA2-F0B7583DB807}"
EndProject
Project("{9A19103F-16F7-4668-BE54-9A1E7A4F7556}") = "TourDe.Api.Test", "TourDe.Test\TourDe.Api.Test.csproj", "{9B88C107-990A-47C5-874A-818C11144AF0}"
EndProject
Project("{9A19103F-16F7-4668-BE54-9A1E7A4F7556}") = "TourDe.Core", "TourDe.Core\TourDe.Core.csproj", "{A7556205-4AF5-42F3-A44A-0489F3CCEB6A}"
EndProject
Project("{9A19103F-16F7-4668-BE54-9A1E7A4F7556}") = "TourDe.Api", "TourDe.Api\TourDe.Api.csproj", "{4FD80988-5331-4779-B8F9-E14825E10990}"
EndProject
Global
	GlobalSection(SolutionConfigurationPlatforms) = preSolution
		Debug|Any CPU = Debug|Any CPU
		Release|Any CPU = Release|Any CPU
	EndGlobalSection
	GlobalSection(ProjectConfigurationPlatforms) = postSolution
		{67871F76-A0A2-4743-A194-6E5E6069D3AA}.Debug|Any CPU.ActiveCfg = Debug|Any CPU
		{67871F76-A0A2-4743-A194-6E5E6069D3AA}.Debug|Any CPU.Build.0 = Debug|Any CPU
		{67871F76-A0A2-4743-A194-6E5E6069D3AA}.Release|Any CPU.ActiveCfg = Release|Any CPU
		{67871F76-A0A2-4743-A194-6E5E6069D3AA}.Release|Any CPU.Build.0 = Release|Any CPU
		{9B88C107-990A-47C5-874A-818C11144AF0}.Debug|Any CPU.ActiveCfg = Debug|Any CPU
		{9B88C107-990A-47C5-874A-818C11144AF0}.Debug|Any CPU.Build.0 = Debug|Any CPU
		{9B88C107-990A-47C5-874A-818C11144AF0}.Release|Any CPU.ActiveCfg = Release|Any CPU
		{9B88C107-990A-47C5-874A-818C11144AF0}.Release|Any CPU.Build.0 = Release|Any CPU
		{A7556205-4AF5-42F3-A44A-0489F3CCEB6A}.Debug|Any CPU.ActiveCfg = Debug|Any CPU
		{A7556205-4AF5-42F3-A44A-0489F3CCEB6A}.Debug|Any CPU.Build.0 = Debug|Any CPU
		{A7556205-4AF5-42F3-A44A-0489F3CCEB6A}.Release|Any CPU.ActiveCfg = Release|Any CPU
		{A7556205-4AF5-42F3-A44A-0489F3CCEB6A}.Release|Any CPU.Build.0 = Release|Any CPU
		{4FD80988-5331-4779-B8F9-E14825E10990}.Debug|Any CPU.ActiveCfg = Debug|Any CPU
		{4FD80988-5331-4779-B8F9-E14825E10990}.Debug|Any CPU.Build.0 = Debug|Any CPU
		{4FD80988-5331-4779-B8F9-E14825E10990}.Release|Any CPU.ActiveCfg = Release|Any CPU
		{4FD80988-5331-4779-B8F9-E14825E10990}.Release|Any CPU.Build.0 = Release|Any CPU
	EndGlobalSection
	GlobalSection(SolutionProperties) = preSolution
		HideSolutionNode = FALSE
	EndGlobalSection
	GlobalSection(NestedProjects) = preSolution
		{9B88C107-990A-47C5-874A-818C11144AF0} = {933B70E6-8925-4417-ADA2-F0B7583DB807}
	EndGlobalSection
	GlobalSection(ExtensibilityGlobals) = postSolution
		SolutionGuid = {60ECA442-413B-4A91-BFE3-5760EA0CD3D2}
	EndGlobalSection
EndGlobal
